lockfileVersion: 5.4

specifiers:
  '@laufire/utils': 3.0.0-0

dependencies:
  '@laufire/utils': 3.0.0-0

packages:

  /@babel/runtime/7.22.10:
    resolution: {integrity: sha512-21t/fkKLMZI4pqP2wlmsQAWnYW1PDyKyyUV4vCi+B25ydmdaYTKXPwCj0BzSUnZf4seIiYvSA3jcZ3gdsMFkLQ==}
    engines: {node: '>=6.9.0'}
    dependencies:
      regenerator-runtime: 0.14.0
    dev: false

  /@laufire/utils/3.0.0-0:
    resolution: {integrity: sha512-NQK/odg5weAAG9UqFhibSfW0BLgGcT+H7yNc82jEbqfToCyJL0SBI40pB34HqlF850IhKRUQ6uBFA6Ip6K66ww==}
    dependencies:
      '@babel/runtime': 7.22.10
    optionalDependencies:
      fsevents: 2.3.3
    dev: false

  /fsevents/2.3.3:
    resolution: {integrity: sha512-5xoDfX+fL7faATnagmWPpbFtwh/R77WmMMqqHGS65C3vvB0YHrgF+B1YmZ3441tMj5n63k0212XNoJwzlhffQw==}
    engines: {node: ^8.16.0 || ^10.6.0 || >=11.0.0}
    os: [darwin]
    requiresBuild: true
    dev: false
    optional: true

  /regenerator-runtime/0.14.0:
    resolution: {integrity: sha512-srw17NI0TUWHuGa5CFGGmhfNIeja30WMBfbslPNhf6JrqQlLN5gcrvig1oqPxiVaXb0oW0XRKtH6Nngs5lKCIA==}
    dev: false
